// !$*UTF8*$!
{
	archiveVersion = 1;
	classes = {
	};
	objectVersion = 55;
	objects = {

/* Begin PBXBuildFile section */
		0E26A9582888DF3A007F64B4 /* AppDelegate.swift in Sources */ = {isa = PBXBuildFile; fileRef = 0E26A9572888DF3A007F64B4 /* AppDelegate.swift */; };
		0E26A95A2888DF3A007F64B4 /* SceneDelegate.swift in Sources */ = {isa = PBXBuildFile; fileRef = 0E26A9592888DF3A007F64B4 /* SceneDelegate.swift */; };
		0E26A9612888DF3D007F64B4 /* Assets.xcassets in Resources */ = {isa = PBXBuildFile; fileRef = 0E26A9602888DF3D007F64B4 /* Assets.xcassets */; };
		0E26A9642888DF3D007F64B4 /* LaunchScreen.storyboard in Resources */ = {isa = PBXBuildFile; fileRef = 0E26A9622888DF3D007F64B4 /* LaunchScreen.storyboard */; };
		0E26A96F2888E127007F64B4 /* TodoListViewController.storyboard in Resources */ = {isa = PBXBuildFile; fileRef = 0E26A96E2888E127007F64B4 /* TodoListViewController.storyboard */; };
		0E26A9712888E194007F64B4 /* TodoListViewController.swift in Sources */ = {isa = PBXBuildFile; fileRef = 0E26A9702888E194007F64B4 /* TodoListViewController.swift */; };
		0E26A97B2888E789007F64B4 /* TodoListTableViewCell.swift in Sources */ = {isa = PBXBuildFile; fileRef = 0E26A9792888E789007F64B4 /* TodoListTableViewCell.swift */; };
		0E26A97C2888E789007F64B4 /* TodoListTableViewCell.xib in Resources */ = {isa = PBXBuildFile; fileRef = 0E26A97A2888E789007F64B4 /* TodoListTableViewCell.xib */; };
		0E26A9852888F621007F64B4 /* TodoListModel.swift in Sources */ = {isa = PBXBuildFile; fileRef = 0E26A9842888F621007F64B4 /* TodoListModel.swift */; };
		0E26A98A28890721007F64B4 /* NetworkManager.swift in Sources */ = {isa = PBXBuildFile; fileRef = 0E26A98928890721007F64B4 /* NetworkManager.swift */; };
		0E26A98D28890730007F64B4 /* Resource.swift in Sources */ = {isa = PBXBuildFile; fileRef = 0E26A98C28890730007F64B4 /* Resource.swift */; };
		0E26A98F28890CFE007F64B4 /* TodoListViewModel.swift in Sources */ = {isa = PBXBuildFile; fileRef = 0E26A98E28890CFE007F64B4 /* TodoListViewModel.swift */; };
		0E26A992288929DB007F64B4 /* TodoDetailViewController.swift in Sources */ = {isa = PBXBuildFile; fileRef = 0E26A991288929DB007F64B4 /* TodoDetailViewController.swift */; };
		0E26A994288929F1007F64B4 /* TodoDetailViewController.storyboard in Resources */ = {isa = PBXBuildFile; fileRef = 0E26A993288929F1007F64B4 /* TodoDetailViewController.storyboard */; };
		0E45A37928895B9F00F23C2E /* CreateTodoViewController.storyboard in Resources */ = {isa = PBXBuildFile; fileRef = 0E45A37828895B9F00F23C2E /* CreateTodoViewController.storyboard */; };
		0E45A37B28895BAD00F23C2E /* CreateTodoViewController.swift in Sources */ = {isa = PBXBuildFile; fileRef = 0E45A37A28895BAD00F23C2E /* CreateTodoViewController.swift */; };
		0E725EB1288C1CB600A2EFE0 /* SearchTodoResultViewController.swift in Sources */ = {isa = PBXBuildFile; fileRef = 0E725EB0288C1CB600A2EFE0 /* SearchTodoResultViewController.swift */; };
/* End PBXBuildFile section */

/* Begin PBXFileReference section */
		0E26A9542888DF3A007F64B4 /* TodoList.app */ = {isa = PBXFileReference; explicitFileType = wrapper.application; includeInIndex = 0; path = TodoList.app; sourceTree = BUILT_PRODUCTS_DIR; };
		0E26A9572888DF3A007F64B4 /* AppDelegate.swift */ = {isa = PBXFileReference; lastKnownFileType = sourcecode.swift; path = AppDelegate.swift; sourceTree = "<group>"; };
		0E26A9592888DF3A007F64B4 /* SceneDelegate.swift */ = {isa = PBXFileReference; lastKnownFileType = sourcecode.swift; path = SceneDelegate.swift; sourceTree = "<group>"; };
		0E26A9602888DF3D007F64B4 /* Assets.xcassets */ = {isa = PBXFileReference; lastKnownFileType = folder.assetcatalog; path = Assets.xcassets; sourceTree = "<group>"; };
		0E26A9632888DF3D007F64B4 /* Base */ = {isa = PBXFileReference; lastKnownFileType = file.storyboard; name = Base; path = Base.lproj/LaunchScreen.storyboard; sourceTree = "<group>"; };
		0E26A9652888DF3D007F64B4 /* Info.plist */ = {isa = PBXFileReference; lastKnownFileType = text.plist.xml; path = Info.plist; sourceTree = "<group>"; };
		0E26A96E2888E127007F64B4 /* TodoListViewController.storyboard */ = {isa = PBXFileReference; lastKnownFileType = file.storyboard; path = TodoListViewController.storyboard; sourceTree = "<group>"; };
		0E26A9702888E194007F64B4 /* TodoListViewController.swift */ = {isa = PBXFileReference; lastKnownFileType = sourcecode.swift; path = TodoListViewController.swift; sourceTree = "<group>"; };
		0E26A9792888E789007F64B4 /* TodoListTableViewCell.swift */ = {isa = PBXFileReference; lastKnownFileType = sourcecode.swift; path = TodoListTableViewCell.swift; sourceTree = "<group>"; };
		0E26A97A2888E789007F64B4 /* TodoListTableViewCell.xib */ = {isa = PBXFileReference; lastKnownFileType = file.xib; path = TodoListTableViewCell.xib; sourceTree = "<group>"; };
		0E26A9842888F621007F64B4 /* TodoListModel.swift */ = {isa = PBXFileReference; lastKnownFileType = sourcecode.swift; path = TodoListModel.swift; sourceTree = "<group>"; };
		0E26A98928890721007F64B4 /* NetworkManager.swift */ = {isa = PBXFileReference; lastKnownFileType = sourcecode.swift; path = NetworkManager.swift; sourceTree = "<group>"; };
		0E26A98C28890730007F64B4 /* Resource.swift */ = {isa = PBXFileReference; lastKnownFileType = sourcecode.swift; path = Resource.swift; sourceTree = "<group>"; };
		0E26A98E28890CFE007F64B4 /* TodoListViewModel.swift */ = {isa = PBXFileReference; lastKnownFileType = sourcecode.swift; path = TodoListViewModel.swift; sourceTree = "<group>"; };
		0E26A991288929DB007F64B4 /* TodoDetailViewController.swift */ = {isa = PBXFileReference; lastKnownFileType = sourcecode.swift; path = TodoDetailViewController.swift; sourceTree = "<group>"; };
		0E26A993288929F1007F64B4 /* TodoDetailViewController.storyboard */ = {isa = PBXFileReference; lastKnownFileType = file.storyboard; path = TodoDetailViewController.storyboard; sourceTree = "<group>"; };
		0E45A37828895B9F00F23C2E /* CreateTodoViewController.storyboard */ = {isa = PBXFileReference; lastKnownFileType = file.storyboard; path = CreateTodoViewController.storyboard; sourceTree = "<group>"; };
		0E45A37A28895BAD00F23C2E /* CreateTodoViewController.swift */ = {isa = PBXFileReference; lastKnownFileType = sourcecode.swift; path = CreateTodoViewController.swift; sourceTree = "<group>"; };
		0E725EB0288C1CB600A2EFE0 /* SearchTodoResultViewController.swift */ = {isa = PBXFileReference; lastKnownFileType = sourcecode.swift; path = SearchTodoResultViewController.swift; sourceTree = "<group>"; };
/* End PBXFileReference section */

/* Begin PBXFrameworksBuildPhase section */
		0E26A9512888DF3A007F64B4 /* Frameworks */ = {
			isa = PBXFrameworksBuildPhase;
			buildActionMask = 2147483647;
			files = (
			);
			runOnlyForDeploymentPostprocessing = 0;
		};
/* End PBXFrameworksBuildPhase section */

/* Begin PBXGroup section */
		0E1C1C05288D5B46003E397F /* New Group */ = {
			isa = PBXGroup;
			children = (
			);
			path = "New Group";
			sourceTree = "<group>";
		};
		0E1C1C06288D5B73003E397F /* SearchTodoResultViewController */ = {
			isa = PBXGroup;
			children = (
				0E725EB0288C1CB600A2EFE0 /* SearchTodoResultViewController.swift */,
			);
			path = SearchTodoResultViewController;
			sourceTree = "<group>";
		};
		0E26A94B2888DF3A007F64B4 = {
			isa = PBXGroup;
			children = (
				0E26A9562888DF3A007F64B4 /* TodoList */,
				0E26A9552888DF3A007F64B4 /* Products */,
			);
			sourceTree = "<group>";
		};
		0E26A9552888DF3A007F64B4 /* Products */ = {
			isa = PBXGroup;
			children = (
				0E26A9542888DF3A007F64B4 /* TodoList.app */,
			);
			name = Products;
			sourceTree = "<group>";
		};
		0E26A9562888DF3A007F64B4 /* TodoList */ = {
			isa = PBXGroup;
			children = (
				0E26A9652888DF3D007F64B4 /* Info.plist */,
				0E26A96D2888E114007F64B4 /* ViewController */,
				0E26A9732888E607007F64B4 /* View */,
				0E26A9862888F625007F64B4 /* Model */,
				0E26A988288906FF007F64B4 /* Manager */,
				0E26A96C2888E108007F64B4 /* Application */,
			);
			path = TodoList;
			sourceTree = "<group>";
		};
		0E26A96C2888E108007F64B4 /* Application */ = {
			isa = PBXGroup;
			children = (
				0E26A9572888DF3A007F64B4 /* AppDelegate.swift */,
				0E26A9592888DF3A007F64B4 /* SceneDelegate.swift */,
				0E26A9602888DF3D007F64B4 /* Assets.xcassets */,
				0E26A9622888DF3D007F64B4 /* LaunchScreen.storyboard */,
			);
			path = Application;
			sourceTree = "<group>";
		};
		0E26A96D2888E114007F64B4 /* ViewController */ = {
			isa = PBXGroup;
			children = (
				0E1C1C06288D5B73003E397F /* SearchTodoResultViewController */,
				0E1C1C05288D5B46003E397F /* New Group */,
				0E45A37728895B8D00F23C2E /* CreateTodoViewController */,
				0E26A990288929C7007F64B4 /* TodoDetailViewController */,
				0E26A9722888E428007F64B4 /* TodoListViewController */,
			);
			path = ViewController;
			sourceTree = "<group>";
		};
		0E26A9722888E428007F64B4 /* TodoListViewController */ = {
			isa = PBXGroup;
			children = (
				0E26A96E2888E127007F64B4 /* TodoListViewController.storyboard */,
				0E26A9702888E194007F64B4 /* TodoListViewController.swift */,
				0E26A98E28890CFE007F64B4 /* TodoListViewModel.swift */,
			);
			path = TodoListViewController;
			sourceTree = "<group>";
		};
		0E26A9732888E607007F64B4 /* View */ = {
			isa = PBXGroup;
			children = (
				0E26A9782888E674007F64B4 /* TodoListTableViewCell */,
			);
			path = View;
			sourceTree = "<group>";
		};
		0E26A9782888E674007F64B4 /* TodoListTableViewCell */ = {
			isa = PBXGroup;
			children = (
				0E26A9792888E789007F64B4 /* TodoListTableViewCell.swift */,
				0E26A97A2888E789007F64B4 /* TodoListTableViewCell.xib */,
			);
			path = TodoListTableViewCell;
			sourceTree = "<group>";
		};
		0E26A9862888F625007F64B4 /* Model */ = {
			isa = PBXGroup;
			children = (
				0E26A9842888F621007F64B4 /* TodoListModel.swift */,
			);
			path = Model;
			sourceTree = "<group>";
		};
		0E26A988288906FF007F64B4 /* Manager */ = {
			isa = PBXGroup;
			children = (
				0E26A98B28890725007F64B4 /* Network */,
			);
			path = Manager;
			sourceTree = "<group>";
		};
		0E26A98B28890725007F64B4 /* Network */ = {
			isa = PBXGroup;
			children = (
				0E26A98928890721007F64B4 /* NetworkManager.swift */,
				0E26A98C28890730007F64B4 /* Resource.swift */,
			);
			path = Network;
			sourceTree = "<group>";
		};
		0E26A990288929C7007F64B4 /* TodoDetailViewController */ = {
			isa = PBXGroup;
			children = (
				0E26A991288929DB007F64B4 /* TodoDetailViewController.swift */,
				0E26A993288929F1007F64B4 /* TodoDetailViewController.storyboard */,
			);
			path = TodoDetailViewController;
			sourceTree = "<group>";
		};
		0E45A37728895B8D00F23C2E /* CreateTodoViewController */ = {
			isa = PBXGroup;
			children = (
				0E45A37828895B9F00F23C2E /* CreateTodoViewController.storyboard */,
				0E45A37A28895BAD00F23C2E /* CreateTodoViewController.swift */,
			);
			path = CreateTodoViewController;
			sourceTree = "<group>";
		};
/* End PBXGroup section */

/* Begin PBXNativeTarget section */
		0E26A9532888DF3A007F64B4 /* TodoList */ = {
			isa = PBXNativeTarget;
			buildConfigurationList = 0E26A9682888DF3D007F64B4 /* Build configuration list for PBXNativeTarget "TodoList" */;
			buildPhases = (
				0E26A9502888DF3A007F64B4 /* Sources */,
				0E26A9512888DF3A007F64B4 /* Frameworks */,
				0E26A9522888DF3A007F64B4 /* Resources */,
			);
			buildRules = (
			);
			dependencies = (
			);
			name = TodoList;
			productName = TodoList;
			productReference = 0E26A9542888DF3A007F64B4 /* TodoList.app */;
			productType = "com.apple.product-type.application";
		};
/* End PBXNativeTarget section */

/* Begin PBXProject section */
		0E26A94C2888DF3A007F64B4 /* Project object */ = {
			isa = PBXProject;
			attributes = {
				BuildIndependentTargetsInParallel = 1;
				LastSwiftUpdateCheck = 1340;
				LastUpgradeCheck = 1340;
				TargetAttributes = {
					0E26A9532888DF3A007F64B4 = {
						CreatedOnToolsVersion = 13.4.1;
					};
				};
			};
			buildConfigurationList = 0E26A94F2888DF3A007F64B4 /* Build configuration list for PBXProject "TodoList" */;
			compatibilityVersion = "Xcode 13.0";
			developmentRegion = en;
			hasScannedForEncodings = 0;
			knownRegions = (
				en,
				Base,
			);
			mainGroup = 0E26A94B2888DF3A007F64B4;
			productRefGroup = 0E26A9552888DF3A007F64B4 /* Products */;
			projectDirPath = "";
			projectRoot = "";
			targets = (
				0E26A9532888DF3A007F64B4 /* TodoList */,
			);
		};
/* End PBXProject section */

/* Begin PBXResourcesBuildPhase section */
		0E26A9522888DF3A007F64B4 /* Resources */ = {
			isa = PBXResourcesBuildPhase;
			buildActionMask = 2147483647;
			files = (
				0E26A9642888DF3D007F64B4 /* LaunchScreen.storyboard in Resources */,
				0E45A37928895B9F00F23C2E /* CreateTodoViewController.storyboard in Resources */,
				0E26A96F2888E127007F64B4 /* TodoListViewController.storyboard in Resources */,
				0E26A994288929F1007F64B4 /* TodoDetailViewController.storyboard in Resources */,
				0E26A9612888DF3D007F64B4 /* Assets.xcassets in Resources */,
				0E26A97C2888E789007F64B4 /* TodoListTableViewCell.xib in Resources */,
			);
			runOnlyForDeploymentPostprocessing = 0;
		};
/* End PBXResourcesBuildPhase section */

/* Begin PBXSourcesBuildPhase section */
		0E26A9502888DF3A007F64B4 /* Sources */ = {
			isa = PBXSourcesBuildPhase;
			buildActionMask = 2147483647;
			files = (
				0E26A98F28890CFE007F64B4 /* TodoListViewModel.swift in Sources */,
				0E26A98A28890721007F64B4 /* NetworkManager.swift in Sources */,
				0E26A9852888F621007F64B4 /* TodoListModel.swift in Sources */,
				0E26A9712888E194007F64B4 /* TodoListViewController.swift in Sources */,
				0E26A9582888DF3A007F64B4 /* AppDelegate.swift in Sources */,
				0E26A95A2888DF3A007F64B4 /* SceneDelegate.swift in Sources */,
				0E26A97B2888E789007F64B4 /* TodoListTableViewCell.swift in Sources */,
				0E26A98D28890730007F64B4 /* Resource.swift in Sources */,
				0E45A37B28895BAD00F23C2E /* CreateTodoViewController.swift in Sources */,
				0E725EB1288C1CB600A2EFE0 /* SearchTodoResultViewController.swift in Sources */,
				0E26A992288929DB007F64B4 /* TodoDetailViewController.swift in Sources */,
			);
			runOnlyForDeploymentPostprocessing = 0;
		};
/* End PBXSourcesBuildPhase section */

/* Begin PBXVariantGroup section */
		0E26A9622888DF3D007F64B4 /* LaunchScreen.storyboard */ = {
			isa = PBXVariantGroup;
			children = (
				0E26A9632888DF3D007F64B4 /* Base */,
			);
			name = LaunchScreen.storyboard;
			sourceTree = "<group>";
		};
/* End PBXVariantGroup section */

/* Begin XCBuildConfiguration section */
		0E26A9662888DF3D007F64B4 /* Debug */ = {
			isa = XCBuildConfiguration;
			buildSettings = {
				ALWAYS_SEARCH_USER_PATHS = NO;
				CLANG_ANALYZER_NONNULL = YES;
				CLANG_ANALYZER_NUMBER_OBJECT_CONVERSION = YES_AGGRESSIVE;
				CLANG_CXX_LANGUAGE_STANDARD = "gnu++17";
				CLANG_ENABLE_MODULES = YES;
				CLANG_ENABLE_OBJC_ARC = YES;
				CLANG_ENABLE_OBJC_WEAK = YES;
				CLANG_WARN_BLOCK_CAPTURE_AUTORELEASING = YES;
				CLANG_WARN_BOOL_CONVERSION = YES;
				CLANG_WARN_COMMA = YES;
				CLANG_WARN_CONSTANT_CONVERSION = YES;
				CLANG_WARN_DEPRECATED_OBJC_IMPLEMENTATIONS = YES;
				CLANG_WARN_DIRECT_OBJC_ISA_USAGE = YES_ERROR;
				CLANG_WARN_DOCUMENTATION_COMMENTS = YES;
				CLANG_WARN_EMPTY_BODY = YES;
				CLANG_WARN_ENUM_CONVERSION = YES;
				CLANG_WARN_INFINITE_RECURSION = YES;
				CLANG_WARN_INT_CONVERSION = YES;
				CLANG_WARN_NON_LITERAL_NULL_CONVERSION = YES;
				CLANG_WARN_OBJC_IMPLICIT_RETAIN_SELF = YES;
				CLANG_WARN_OBJC_LITERAL_CONVERSION = YES;
				CLANG_WARN_OBJC_ROOT_CLASS = YES_ERROR;
				CLANG_WARN_QUOTED_INCLUDE_IN_FRAMEWORK_HEADER = YES;
				CLANG_WARN_RANGE_LOOP_ANALYSIS = YES;
				CLANG_WARN_STRICT_PROTOTYPES = YES;
				CLANG_WARN_SUSPICIOUS_MOVE = YES;
				CLANG_WARN_UNGUARDED_AVAILABILITY = YES_AGGRESSIVE;
				CLANG_WARN_UNREACHABLE_CODE = YES;
				CLANG_WARN__DUPLICATE_METHOD_MATCH = YES;
				COPY_PHASE_STRIP = NO;
				DEBUG_INFORMATION_FORMAT = dwarf;
				ENABLE_STRICT_OBJC_MSGSEND = YES;
				ENABLE_TESTABILITY = YES;
				GCC_C_LANGUAGE_STANDARD = gnu11;
				GCC_DYNAMIC_NO_PIC = NO;
				GCC_NO_COMMON_BLOCKS = YES;
				GCC_OPTIMIZATION_LEVEL = 0;
				GCC_PREPROCESSOR_DEFINITIONS = (
					"DEBUG=1",
					"$(inherited)",
				);
				GCC_WARN_64_TO_32_BIT_CONVERSION = YES;
				GCC_WARN_ABOUT_RETURN_TYPE = YES_ERROR;
				GCC_WARN_UNDECLARED_SELECTOR = YES;
				GCC_WARN_UNINITIALIZED_AUTOS = YES_AGGRESSIVE;
				GCC_WARN_UNUSED_FUNCTION = YES;
				GCC_WARN_UNUSED_VARIABLE = YES;
				IPHONEOS_DEPLOYMENT_TARGET = 15.5;
				MTL_ENABLE_DEBUG_INFO = INCLUDE_SOURCE;
				MTL_FAST_MATH = YES;
				ONLY_ACTIVE_ARCH = YES;
				SDKROOT = iphoneos;
				SWIFT_ACTIVE_COMPILATION_CONDITIONS = DEBUG;
				SWIFT_OPTIMIZATION_LEVEL = "-Onone";
			};
			name = Debug;
		};
		0E26A9672888DF3D007F64B4 /* Release */ = {
			isa = XCBuildConfiguration;
			buildSettings = {
				ALWAYS_SEARCH_USER_PATHS = NO;
				CLANG_ANALYZER_NONNULL = YES;
				CLANG_ANALYZER_NUMBER_OBJECT_CONVERSION = YES_AGGRESSIVE;
				CLANG_CXX_LANGUAGE_STANDARD = "gnu++17";
				CLANG_ENABLE_MODULES = YES;
				CLANG_ENABLE_OBJC_ARC = YES;
				CLANG_ENABLE_OBJC_WEAK = YES;
				CLANG_WARN_BLOCK_CAPTURE_AUTORELEASING = YES;
				CLANG_WARN_BOOL_CONVERSION = YES;
				CLANG_WARN_COMMA = YES;
				CLANG_WARN_CONSTANT_CONVERSION = YES;
				CLANG_WARN_DEPRECATED_OBJC_IMPLEMENTATIONS = YES;
				CLANG_WARN_DIRECT_OBJC_ISA_USAGE = YES_ERROR;
				CLANG_WARN_DOCUMENTATION_COMMENTS = YES;
				CLANG_WARN_EMPTY_BODY = YES;
				CLANG_WARN_ENUM_CONVERSION = YES;
				CLANG_WARN_INFINITE_RECURSION = YES;
				CLANG_WARN_INT_CONVERSION = YES;
				CLANG_WARN_NON_LITERAL_NULL_CONVERSION = YES;
				CLANG_WARN_OBJC_IMPLICIT_RETAIN_SELF = YES;
				CLANG_WARN_OBJC_LITERAL_CONVERSION = YES;
				CLANG_WARN_OBJC_ROOT_CLASS = YES_ERROR;
				CLANG_WARN_QUOTED_INCLUDE_IN_FRAMEWORK_HEADER = YES;
				CLANG_WARN_RANGE_LOOP_ANALYSIS = YES;
				CLANG_WARN_STRICT_PROTOTYPES = YES;
				CLANG_WARN_SUSPICIOUS_MOVE = YES;
				CLANG_WARN_UNGUARDED_AVAILABILITY = YES_AGGRESSIVE;
				CLANG_WARN_UNREACHABLE_CODE = YES;
				CLANG_WARN__DUPLICATE_METHOD_MATCH = YES;
				COPY_PHASE_STRIP = NO;
				DEBUG_INFORMATION_FORMAT = "dwarf-with-dsym";
				ENABLE_NS_ASSERTIONS = NO;
				ENABLE_STRICT_OBJC_MSGSEND = YES;
				GCC_C_LANGUAGE_STANDARD = gnu11;
				GCC_NO_COMMON_BLOCKS = YES;
				GCC_WARN_64_TO_32_BIT_CONVERSION = YES;
				GCC_WARN_ABOUT_RETURN_TYPE = YES_ERROR;
				GCC_WARN_UNDECLARED_SELECTOR = YES;
				GCC_WARN_UNINITIALIZED_AUTOS = YES_AGGRESSIVE;
				GCC_WARN_UNUSED_FUNCTION = YES;
				GCC_WARN_UNUSED_VARIABLE = YES;
				IPHONEOS_DEPLOYMENT_TARGET = 15.5;
				MTL_ENABLE_DEBUG_INFO = NO;
				MTL_FAST_MATH = YES;
				SDKROOT = iphoneos;
				SWIFT_COMPILATION_MODE = wholemodule;
				SWIFT_OPTIMIZATION_LEVEL = "-O";
				VALIDATE_PRODUCT = YES;
			};
			name = Release;
		};
		0E26A9692888DF3D007F64B4 /* Debug */ = {
			isa = XCBuildConfiguration;
			buildSettings = {
				ASSETCATALOG_COMPILER_APPICON_NAME = AppIcon;
				ASSETCATALOG_COMPILER_GLOBAL_ACCENT_COLOR_NAME = AccentColor;
				CODE_SIGN_STYLE = Automatic;
				CURRENT_PROJECT_VERSION = 1;
				DEVELOPMENT_TEAM = 8PRV428ULN;
				GENERATE_INFOPLIST_FILE = YES;
				INFOPLIST_FILE = TodoList/Info.plist;
				INFOPLIST_KEY_UIApplicationSupportsIndirectInputEvents = YES;
				INFOPLIST_KEY_UILaunchStoryboardName = LaunchScreen;
				INFOPLIST_KEY_UISupportedInterfaceOrientations_iPad = "UIInterfaceOrientationPortrait UIInterfaceOrientationPortraitUpsideDown UIInterfaceOrientationLandscapeLeft UIInterfaceOrientationLandscapeRight";
				INFOPLIST_KEY_UISupportedInterfaceOrientations_iPhone = "UIInterfaceOrientationPortrait UIInterfaceOrientationLandscapeLeft UIInterfaceOrientationLandscapeRight";
				LD_RUNPATH_SEARCH_PATHS = (
					"$(inherited)",
					"@executable_path/Frameworks",
				);
				MARKETING_VERSION = 1.0;
				PRODUCT_BUNDLE_IDENTIFIER = "com.J-Min.TodoList";
				PRODUCT_NAME = "$(TARGET_NAME)";
				SWIFT_EMIT_LOC_STRINGS = YES;
				SWIFT_VERSION = 5.0;
				TARGETED_DEVICE_FAMILY = "1,2";
			};
			name = Debug;
		};
		0E26A96A2888DF3D007F64B4 /* Release */ = {
			isa = XCBuildConfiguration;
			buildSettings = {
				ASSETCATALOG_COMPILER_APPICON_NAME = AppIcon;
				ASSETCATALOG_COMPILER_GLOBAL_ACCENT_COLOR_NAME = AccentColor;
				CODE_SIGN_STYLE = Automatic;
				CURRENT_PROJECT_VERSION = 1;
				DEVELOPMENT_TEAM = 8PRV428ULN;
				GENERATE_INFOPLIST_FILE = YES;
				INFOPLIST_FILE = TodoList/Info.plist;
				INFOPLIST_KEY_UIApplicationSupportsIndirectInputEvents = YES;
				INFOPLIST_KEY_UILaunchStoryboardName = LaunchScreen;
				INFOPLIST_KEY_UISupportedInterfaceOrientations_iPad = "UIInterfaceOrientationPortrait UIInterfaceOrientationPortraitUpsideDown UIInterfaceOrientationLandscapeLeft UIInterfaceOrientationLandscapeRight";
				INFOPLIST_KEY_UISupportedInterfaceOrientations_iPhone = "UIInterfaceOrientationPortrait UIInterfaceOrientationLandscapeLeft UIInterfaceOrientationLandscapeRight";
				LD_RUNPATH_SEARCH_PATHS = (
					"$(inherited)",
					"@executable_path/Frameworks",
				);
				MARKETING_VERSION = 1.0;
				PRODUCT_BUNDLE_IDENTIFIER = "com.J-Min.TodoList";
				PRODUCT_NAME = "$(TARGET_NAME)";
				SWIFT_EMIT_LOC_STRINGS = YES;
				SWIFT_VERSION = 5.0;
				TARGETED_DEVICE_FAMILY = "1,2";
			};
			name = Release;
		};
/* End XCBuildConfiguration section */

/* Begin XCConfigurationList section */
		0E26A94F2888DF3A007F64B4 /* Build configuration list for PBXProject "TodoList" */ = {
			isa = XCConfigurationList;
			buildConfigurations = (
				0E26A9662888DF3D007F64B4 /* Debug */,
				0E26A9672888DF3D007F64B4 /* Release */,
			);
			defaultConfigurationIsVisible = 0;
			defaultConfigurationName = Release;
		};
		0E26A9682888DF3D007F64B4 /* Build configuration list for PBXNativeTarget "TodoList" */ = {
			isa = XCConfigurationList;
			buildConfigurations = (
				0E26A9692888DF3D007F64B4 /* Debug */,
				0E26A96A2888DF3D007F64B4 /* Release */,
			);
			defaultConfigurationIsVisible = 0;
			defaultConfigurationName = Release;
		};
/* End XCConfigurationList section */
	};
	rootObject = 0E26A94C2888DF3A007F64B4 /* Project object */;
}
